// !$*UTF8*$!
{
	archiveVersion = 1;
	classes = {
	};
	objectVersion = 46;
	objects = {

/* Begin PBXBuildFile section */
		5A5B807E19CE772E000A4681 /* QPMusicPlayerController.m in Sources */ = {isa = PBXBuildFile; fileRef = 5A5B807D19CE772E000A4681 /* QPMusicPlayerController.m */; };
		5A5B808519CE7751000A4681 /* Song.m in Sources */ = {isa = PBXBuildFile; fileRef = 5A5B808019CE7751000A4681 /* Song.m */; };
		5A5B808619CE7751000A4681 /* LocalSong.m in Sources */ = {isa = PBXBuildFile; fileRef = 5A5B808219CE7751000A4681 /* LocalSong.m */; };
		5A5B808719CE7751000A4681 /* RemoteSong.m in Sources */ = {isa = PBXBuildFile; fileRef = 5A5B808419CE7751000A4681 /* RemoteSong.m */; };
		5A5B808B19CE7780000A4681 /* QPSessionManager.m in Sources */ = {isa = PBXBuildFile; fileRef = 5A5B808A19CE7780000A4681 /* QPSessionManager.m */; };
		5A5B808E19CE77A4000A4681 /* SingleMessage.m in Sources */ = {isa = PBXBuildFile; fileRef = 5A5B808D19CE77A4000A4681 /* SingleMessage.m */; };
		5A5B809419CE77EF000A4681 /* MarqueeLabel.m in Sources */ = {isa = PBXBuildFile; fileRef = 5A5B809119CE77EF000A4681 /* MarqueeLabel.m */; };
		5A5B809519CE77EF000A4681 /* TPCircularBuffer.c in Sources */ = {isa = PBXBuildFile; fileRef = 5A5B809319CE77EF000A4681 /* TPCircularBuffer.c */; };
		5A5B80A419CF89A7000A4681 /* ArtistTabViewController.m in Sources */ = {isa = PBXBuildFile; fileRef = 5A5B809919CF89A7000A4681 /* ArtistTabViewController.m */; };
		5A5B80A519CF89A7000A4681 /* MusicPickerViewController.m in Sources */ = {isa = PBXBuildFile; fileRef = 5A5B809B19CF89A7000A4681 /* MusicPickerViewController.m */; };
		5A5B80A619CF89A7000A4681 /* PlaylistTabViewController.m in Sources */ = {isa = PBXBuildFile; fileRef = 5A5B809D19CF89A7000A4681 /* PlaylistTabViewController.m */; };
		5A5B80A719CF89A7000A4681 /* SongTabViewController.m in Sources */ = {isa = PBXBuildFile; fileRef = 5A5B809F19CF89A7000A4681 /* SongTabViewController.m */; };
		5A5B80A819CF89A7000A4681 /* TabViewController.m in Sources */ = {isa = PBXBuildFile; fileRef = 5A5B80A119CF89A7000A4681 /* TabViewController.m */; };
		5A5B80A919CF89A7000A4681 /* MusicNavigationViewController.m in Sources */ = {isa = PBXBuildFile; fileRef = 5A5B80A319CF89A7000A4681 /* MusicNavigationViewController.m */; };
		5A5B80AB19CF8C2B000A4681 /* MediaPlayer.framework in Frameworks */ = {isa = PBXBuildFile; fileRef = 5A5B80AA19CF8C2B000A4681 /* MediaPlayer.framework */; };
		5A5B80B119CF995C000A4681 /* SongTableViewCell.m in Sources */ = {isa = PBXBuildFile; fileRef = 5A5B80AF19CF995C000A4681 /* SongTableViewCell.m */; };
		5A5B80B219CF995C000A4681 /* SongTableViewCell.xib in Resources */ = {isa = PBXBuildFile; fileRef = 5A5B80B019CF995C000A4681 /* SongTableViewCell.xib */; };
		5A5B80B419CFABA5000A4681 /* AVFoundation.framework in Frameworks */ = {isa = PBXBuildFile; fileRef = 5A5B80B319CFABA5000A4681 /* AVFoundation.framework */; };
		5A6006A019D53F240062865A /* PeerTableViewCell.m in Sources */ = {isa = PBXBuildFile; fileRef = 5A60069E19D53F240062865A /* PeerTableViewCell.m */; };
		5A6006A119D53F240062865A /* PeerTableViewCell.xib in Resources */ = {isa = PBXBuildFile; fileRef = 5A60069F19D53F240062865A /* PeerTableViewCell.xib */; };
		5A743C1219CBD9540008C989 /* main.m in Sources */ = {isa = PBXBuildFile; fileRef = 5A743C1119CBD9540008C989 /* main.m */; };
		5A743C1519CBD9540008C989 /* AppDelegate.m in Sources */ = {isa = PBXBuildFile; fileRef = 5A743C1419CBD9540008C989 /* AppDelegate.m */; };
		5A743C1819CBD9540008C989 /* ViewController.m in Sources */ = {isa = PBXBuildFile; fileRef = 5A743C1719CBD9540008C989 /* ViewController.m */; };
		5A743C1B19CBD9540008C989 /* Main.storyboard in Resources */ = {isa = PBXBuildFile; fileRef = 5A743C1919CBD9540008C989 /* Main.storyboard */; };
		5A743C1D19CBD9540008C989 /* Images.xcassets in Resources */ = {isa = PBXBuildFile; fileRef = 5A743C1C19CBD9540008C989 /* Images.xcassets */; };
		5A743C2019CBD9540008C989 /* LaunchScreen.xib in Resources */ = {isa = PBXBuildFile; fileRef = 5A743C1E19CBD9540008C989 /* LaunchScreen.xib */; };
		5A743C2C19CBD9540008C989 /* SongtrainTests.m in Sources */ = {isa = PBXBuildFile; fileRef = 5A743C2B19CBD9540008C989 /* SongtrainTests.m */; };
		5A96040F19D3E357002D2B29 /* NearbyTrainViewController.m in Sources */ = {isa = PBXBuildFile; fileRef = 5A96040D19D3E357002D2B29 /* NearbyTrainViewController.m */; };
		5A96041019D3E357002D2B29 /* NearbyTrainViewController.xib in Resources */ = {isa = PBXBuildFile; fileRef = 5A96040E19D3E357002D2B29 /* NearbyTrainViewController.xib */; };
		5A96041219D3E69F002D2B29 /* TrainCellView.xib in Resources */ = {isa = PBXBuildFile; fileRef = 5A96041119D3E69F002D2B29 /* TrainCellView.xib */; };
/* End PBXBuildFile section */

/* Begin PBXContainerItemProxy section */
		5A743C2619CBD9540008C989 /* PBXContainerItemProxy */ = {
			isa = PBXContainerItemProxy;
			containerPortal = 5A743C0419CBD9540008C989 /* Project object */;
			proxyType = 1;
			remoteGlobalIDString = 5A743C0B19CBD9540008C989;
			remoteInfo = Songtrain;
		};
/* End PBXContainerItemProxy section */

/* Begin PBXFileReference section */
		5A5B807C19CE772E000A4681 /* QPMusicPlayerController.h */ = {isa = PBXFileReference; fileEncoding = 4; lastKnownFileType = sourcecode.c.h; path = QPMusicPlayerController.h; sourceTree = "<group>"; };
		5A5B807D19CE772E000A4681 /* QPMusicPlayerController.m */ = {isa = PBXFileReference; fileEncoding = 4; lastKnownFileType = sourcecode.c.objc; path = QPMusicPlayerController.m; sourceTree = "<group>"; };
		5A5B807F19CE7751000A4681 /* Song.h */ = {isa = PBXFileReference; fileEncoding = 4; lastKnownFileType = sourcecode.c.h; path = Song.h; sourceTree = "<group>"; };
		5A5B808019CE7751000A4681 /* Song.m */ = {isa = PBXFileReference; fileEncoding = 4; lastKnownFileType = sourcecode.c.objc; path = Song.m; sourceTree = "<group>"; };
		5A5B808119CE7751000A4681 /* LocalSong.h */ = {isa = PBXFileReference; fileEncoding = 4; lastKnownFileType = sourcecode.c.h; path = LocalSong.h; sourceTree = "<group>"; };
		5A5B808219CE7751000A4681 /* LocalSong.m */ = {isa = PBXFileReference; fileEncoding = 4; lastKnownFileType = sourcecode.c.objc; path = LocalSong.m; sourceTree = "<group>"; };
		5A5B808319CE7751000A4681 /* RemoteSong.h */ = {isa = PBXFileReference; fileEncoding = 4; lastKnownFileType = sourcecode.c.h; path = RemoteSong.h; sourceTree = "<group>"; };
		5A5B808419CE7751000A4681 /* RemoteSong.m */ = {isa = PBXFileReference; fileEncoding = 4; lastKnownFileType = sourcecode.c.objc; path = RemoteSong.m; sourceTree = "<group>"; };
		5A5B808919CE7780000A4681 /* QPSessionManager.h */ = {isa = PBXFileReference; fileEncoding = 4; lastKnownFileType = sourcecode.c.h; path = QPSessionManager.h; sourceTree = "<group>"; };
		5A5B808A19CE7780000A4681 /* QPSessionManager.m */ = {isa = PBXFileReference; fileEncoding = 4; lastKnownFileType = sourcecode.c.objc; path = QPSessionManager.m; sourceTree = "<group>"; };
		5A5B808C19CE77A4000A4681 /* SingleMessage.h */ = {isa = PBXFileReference; fileEncoding = 4; lastKnownFileType = sourcecode.c.h; path = SingleMessage.h; sourceTree = "<group>"; };
		5A5B808D19CE77A4000A4681 /* SingleMessage.m */ = {isa = PBXFileReference; fileEncoding = 4; lastKnownFileType = sourcecode.c.objc; path = SingleMessage.m; sourceTree = "<group>"; };
		5A5B809019CE77EF000A4681 /* MarqueeLabel.h */ = {isa = PBXFileReference; fileEncoding = 4; lastKnownFileType = sourcecode.c.h; path = MarqueeLabel.h; sourceTree = "<group>"; };
		5A5B809119CE77EF000A4681 /* MarqueeLabel.m */ = {isa = PBXFileReference; fileEncoding = 4; lastKnownFileType = sourcecode.c.objc; path = MarqueeLabel.m; sourceTree = "<group>"; };
		5A5B809219CE77EF000A4681 /* TPCircularBuffer.h */ = {isa = PBXFileReference; fileEncoding = 4; lastKnownFileType = sourcecode.c.h; path = TPCircularBuffer.h; sourceTree = "<group>"; };
		5A5B809319CE77EF000A4681 /* TPCircularBuffer.c */ = {isa = PBXFileReference; fileEncoding = 4; lastKnownFileType = sourcecode.c.c; path = TPCircularBuffer.c; sourceTree = "<group>"; };
		5A5B809619CE78F2000A4681 /* Songtrain-Prefix.pch */ = {isa = PBXFileReference; lastKnownFileType = sourcecode.c.h; path = "Songtrain-Prefix.pch"; sourceTree = "<group>"; };
		5A5B809819CF89A7000A4681 /* ArtistTabViewController.h */ = {isa = PBXFileReference; fileEncoding = 4; lastKnownFileType = sourcecode.c.h; path = ArtistTabViewController.h; sourceTree = "<group>"; };
		5A5B809919CF89A7000A4681 /* ArtistTabViewController.m */ = {isa = PBXFileReference; fileEncoding = 4; lastKnownFileType = sourcecode.c.objc; path = ArtistTabViewController.m; sourceTree = "<group>"; };
		5A5B809A19CF89A7000A4681 /* MusicPickerViewController.h */ = {isa = PBXFileReference; fileEncoding = 4; lastKnownFileType = sourcecode.c.h; path = MusicPickerViewController.h; sourceTree = "<group>"; };
		5A5B809B19CF89A7000A4681 /* MusicPickerViewController.m */ = {isa = PBXFileReference; fileEncoding = 4; lastKnownFileType = sourcecode.c.objc; path = MusicPickerViewController.m; sourceTree = "<group>"; };
		5A5B809C19CF89A7000A4681 /* PlaylistTabViewController.h */ = {isa = PBXFileReference; fileEncoding = 4; lastKnownFileType = sourcecode.c.h; path = PlaylistTabViewController.h; sourceTree = "<group>"; };
		5A5B809D19CF89A7000A4681 /* PlaylistTabViewController.m */ = {isa = PBXFileReference; fileEncoding = 4; lastKnownFileType = sourcecode.c.objc; path = PlaylistTabViewController.m; sourceTree = "<group>"; };
		5A5B809E19CF89A7000A4681 /* SongTabViewController.h */ = {isa = PBXFileReference; fileEncoding = 4; lastKnownFileType = sourcecode.c.h; path = SongTabViewController.h; sourceTree = "<group>"; };
		5A5B809F19CF89A7000A4681 /* SongTabViewController.m */ = {isa = PBXFileReference; fileEncoding = 4; lastKnownFileType = sourcecode.c.objc; path = SongTabViewController.m; sourceTree = "<group>"; };
		5A5B80A019CF89A7000A4681 /* TabViewController.h */ = {isa = PBXFileReference; fileEncoding = 4; lastKnownFileType = sourcecode.c.h; path = TabViewController.h; sourceTree = "<group>"; };
		5A5B80A119CF89A7000A4681 /* TabViewController.m */ = {isa = PBXFileReference; fileEncoding = 4; lastKnownFileType = sourcecode.c.objc; path = TabViewController.m; sourceTree = "<group>"; };
		5A5B80A219CF89A7000A4681 /* MusicNavigationViewController.h */ = {isa = PBXFileReference; fileEncoding = 4; lastKnownFileType = sourcecode.c.h; path = MusicNavigationViewController.h; sourceTree = "<group>"; };
		5A5B80A319CF89A7000A4681 /* MusicNavigationViewController.m */ = {isa = PBXFileReference; fileEncoding = 4; lastKnownFileType = sourcecode.c.objc; path = MusicNavigationViewController.m; sourceTree = "<group>"; };
		5A5B80AA19CF8C2B000A4681 /* MediaPlayer.framework */ = {isa = PBXFileReference; lastKnownFileType = wrapper.framework; name = MediaPlayer.framework; path = System/Library/Frameworks/MediaPlayer.framework; sourceTree = SDKROOT; };
		5A5B80AE19CF995C000A4681 /* SongTableViewCell.h */ = {isa = PBXFileReference; fileEncoding = 4; lastKnownFileType = sourcecode.c.h; path = SongTableViewCell.h; sourceTree = "<group>"; };
		5A5B80AF19CF995C000A4681 /* SongTableViewCell.m */ = {isa = PBXFileReference; fileEncoding = 4; lastKnownFileType = sourcecode.c.objc; path = SongTableViewCell.m; sourceTree = "<group>"; };
		5A5B80B019CF995C000A4681 /* SongTableViewCell.xib */ = {isa = PBXFileReference; fileEncoding = 4; lastKnownFileType = file.xib; path = SongTableViewCell.xib; sourceTree = "<group>"; };
		5A5B80B319CFABA5000A4681 /* AVFoundation.framework */ = {isa = PBXFileReference; lastKnownFileType = wrapper.framework; name = AVFoundation.framework; path = System/Library/Frameworks/AVFoundation.framework; sourceTree = SDKROOT; };
		5A60069D19D53F240062865A /* PeerTableViewCell.h */ = {isa = PBXFileReference; fileEncoding = 4; lastKnownFileType = sourcecode.c.h; path = PeerTableViewCell.h; sourceTree = "<group>"; };
		5A60069E19D53F240062865A /* PeerTableViewCell.m */ = {isa = PBXFileReference; fileEncoding = 4; lastKnownFileType = sourcecode.c.objc; path = PeerTableViewCell.m; sourceTree = "<group>"; };
		5A60069F19D53F240062865A /* PeerTableViewCell.xib */ = {isa = PBXFileReference; fileEncoding = 4; lastKnownFileType = file.xib; path = PeerTableViewCell.xib; sourceTree = "<group>"; };
		5A743C0C19CBD9540008C989 /* Songtrain.app */ = {isa = PBXFileReference; explicitFileType = wrapper.application; includeInIndex = 0; path = Songtrain.app; sourceTree = BUILT_PRODUCTS_DIR; };
		5A743C1019CBD9540008C989 /* Info.plist */ = {isa = PBXFileReference; lastKnownFileType = text.plist.xml; path = Info.plist; sourceTree = "<group>"; };
		5A743C1119CBD9540008C989 /* main.m */ = {isa = PBXFileReference; lastKnownFileType = sourcecode.c.objc; path = main.m; sourceTree = "<group>"; };
		5A743C1319CBD9540008C989 /* AppDelegate.h */ = {isa = PBXFileReference; lastKnownFileType = sourcecode.c.h; path = AppDelegate.h; sourceTree = "<group>"; };
		5A743C1419CBD9540008C989 /* AppDelegate.m */ = {isa = PBXFileReference; lastKnownFileType = sourcecode.c.objc; path = AppDelegate.m; sourceTree = "<group>"; };
		5A743C1619CBD9540008C989 /* ViewController.h */ = {isa = PBXFileReference; lastKnownFileType = sourcecode.c.h; path = ViewController.h; sourceTree = "<group>"; };
		5A743C1719CBD9540008C989 /* ViewController.m */ = {isa = PBXFileReference; lastKnownFileType = sourcecode.c.objc; path = ViewController.m; sourceTree = "<group>"; };
		5A743C1A19CBD9540008C989 /* Base */ = {isa = PBXFileReference; lastKnownFileType = file.storyboard; name = Base; path = Base.lproj/Main.storyboard; sourceTree = "<group>"; };
		5A743C1C19CBD9540008C989 /* Images.xcassets */ = {isa = PBXFileReference; lastKnownFileType = folder.assetcatalog; path = Images.xcassets; sourceTree = "<group>"; };
		5A743C1F19CBD9540008C989 /* Base */ = {isa = PBXFileReference; lastKnownFileType = file.xib; name = Base; path = Base.lproj/LaunchScreen.xib; sourceTree = "<group>"; };
		5A743C2519CBD9540008C989 /* SongtrainTests.xctest */ = {isa = PBXFileReference; explicitFileType = wrapper.cfbundle; includeInIndex = 0; path = SongtrainTests.xctest; sourceTree = BUILT_PRODUCTS_DIR; };
		5A743C2A19CBD9540008C989 /* Info.plist */ = {isa = PBXFileReference; lastKnownFileType = text.plist.xml; path = Info.plist; sourceTree = "<group>"; };
		5A743C2B19CBD9540008C989 /* SongtrainTests.m */ = {isa = PBXFileReference; lastKnownFileType = sourcecode.c.objc; path = SongtrainTests.m; sourceTree = "<group>"; };
		5A96040C19D3E357002D2B29 /* NearbyTrainViewController.h */ = {isa = PBXFileReference; fileEncoding = 4; lastKnownFileType = sourcecode.c.h; path = NearbyTrainViewController.h; sourceTree = "<group>"; };
		5A96040D19D3E357002D2B29 /* NearbyTrainViewController.m */ = {isa = PBXFileReference; fileEncoding = 4; lastKnownFileType = sourcecode.c.objc; path = NearbyTrainViewController.m; sourceTree = "<group>"; };
		5A96040E19D3E357002D2B29 /* NearbyTrainViewController.xib */ = {isa = PBXFileReference; fileEncoding = 4; lastKnownFileType = file.xib; path = NearbyTrainViewController.xib; sourceTree = "<group>"; };
		5A96041119D3E69F002D2B29 /* TrainCellView.xib */ = {isa = PBXFileReference; fileEncoding = 4; lastKnownFileType = file.xib; path = TrainCellView.xib; sourceTree = "<group>"; };
/* End PBXFileReference section */

/* Begin PBXFrameworksBuildPhase section */
		5A743C0919CBD9540008C989 /* Frameworks */ = {
			isa = PBXFrameworksBuildPhase;
			buildActionMask = 2147483647;
			files = (
				5A5B80B419CFABA5000A4681 /* AVFoundation.framework in Frameworks */,
				5A5B80AB19CF8C2B000A4681 /* MediaPlayer.framework in Frameworks */,
			);
			runOnlyForDeploymentPostprocessing = 0;
		};
		5A743C2219CBD9540008C989 /* Frameworks */ = {
			isa = PBXFrameworksBuildPhase;
			buildActionMask = 2147483647;
			files = (
			);
			runOnlyForDeploymentPostprocessing = 0;
		};
/* End PBXFrameworksBuildPhase section */

/* Begin PBXGroup section */
		5A5B807B19CE771A000A4681 /* Music Player */ = {
			isa = PBXGroup;
			children = (
				5A5B807C19CE772E000A4681 /* QPMusicPlayerController.h */,
				5A5B807D19CE772E000A4681 /* QPMusicPlayerController.m */,
				5A5B807F19CE7751000A4681 /* Song.h */,
				5A5B808019CE7751000A4681 /* Song.m */,
				5A5B808119CE7751000A4681 /* LocalSong.h */,
				5A5B808219CE7751000A4681 /* LocalSong.m */,
				5A5B808319CE7751000A4681 /* RemoteSong.h */,
				5A5B808419CE7751000A4681 /* RemoteSong.m */,
			);
			name = "Music Player";
			sourceTree = "<group>";
		};
		5A5B808819CE7772000A4681 /* Network */ = {
			isa = PBXGroup;
			children = (
				5A5B808919CE7780000A4681 /* QPSessionManager.h */,
				5A5B808A19CE7780000A4681 /* QPSessionManager.m */,
				5A5B808C19CE77A4000A4681 /* SingleMessage.h */,
				5A5B808D19CE77A4000A4681 /* SingleMessage.m */,
			);
			name = Network;
			sourceTree = "<group>";
		};
		5A5B808F19CE77D8000A4681 /* External Libraries */ = {
			isa = PBXGroup;
			children = (
				5A5B809019CE77EF000A4681 /* MarqueeLabel.h */,
				5A5B809119CE77EF000A4681 /* MarqueeLabel.m */,
				5A5B809219CE77EF000A4681 /* TPCircularBuffer.h */,
				5A5B809319CE77EF000A4681 /* TPCircularBuffer.c */,
			);
			name = "External Libraries";
			sourceTree = "<group>";
		};
		5A5B809719CF8976000A4681 /* MusicPicker */ = {
			isa = PBXGroup;
			children = (
				5A5B809819CF89A7000A4681 /* ArtistTabViewController.h */,
				5A5B809919CF89A7000A4681 /* ArtistTabViewController.m */,
				5A5B809A19CF89A7000A4681 /* MusicPickerViewController.h */,
				5A5B809B19CF89A7000A4681 /* MusicPickerViewController.m */,
				5A5B809C19CF89A7000A4681 /* PlaylistTabViewController.h */,
				5A5B809D19CF89A7000A4681 /* PlaylistTabViewController.m */,
				5A5B809E19CF89A7000A4681 /* SongTabViewController.h */,
				5A5B809F19CF89A7000A4681 /* SongTabViewController.m */,
				5A5B80A019CF89A7000A4681 /* TabViewController.h */,
				5A5B80A119CF89A7000A4681 /* TabViewController.m */,
				5A5B80A219CF89A7000A4681 /* MusicNavigationViewController.h */,
				5A5B80A319CF89A7000A4681 /* MusicNavigationViewController.m */,
			);
			name = MusicPicker;
			sourceTree = "<group>";
		};
		5A5B80AC19CF98C1000A4681 /* Frameworks */ = {
			isa = PBXGroup;
			children = (
				5A5B80B319CFABA5000A4681 /* AVFoundation.framework */,
				5A5B80AA19CF8C2B000A4681 /* MediaPlayer.framework */,
			);
			name = Frameworks;
			path = SongtrainTests;
			sourceTree = "<group>";
		};
		5A5B80AD19CF98DC000A4681 /* Custom Views */ = {
			isa = PBXGroup;
			children = (
				5A5B80AE19CF995C000A4681 /* SongTableViewCell.h */,
				5A5B80AF19CF995C000A4681 /* SongTableViewCell.m */,
				5A5B80B019CF995C000A4681 /* SongTableViewCell.xib */,
				5A60069D19D53F240062865A /* PeerTableViewCell.h */,
				5A60069E19D53F240062865A /* PeerTableViewCell.m */,
				5A60069F19D53F240062865A /* PeerTableViewCell.xib */,
			);
			name = "Custom Views";
			sourceTree = "<group>";
		};
		5A743C0319CBD9540008C989 = {
			isa = PBXGroup;
			children = (
				5A743C0E19CBD9540008C989 /* Songtrain */,
				5A743C2819CBD9540008C989 /* SongtrainTests */,
				5A743C0D19CBD9540008C989 /* Products */,
				5A5B80AC19CF98C1000A4681 /* Frameworks */,
			);
			sourceTree = "<group>";
		};
		5A743C0D19CBD9540008C989 /* Products */ = {
			isa = PBXGroup;
			children = (
				5A743C0C19CBD9540008C989 /* Songtrain.app */,
				5A743C2519CBD9540008C989 /* SongtrainTests.xctest */,
			);
			name = Products;
			sourceTree = "<group>";
		};
		5A743C0E19CBD9540008C989 /* Songtrain */ = {
			isa = PBXGroup;
			children = (
				5A743C1319CBD9540008C989 /* AppDelegate.h */,
				5A743C1419CBD9540008C989 /* AppDelegate.m */,
				5A5B808819CE7772000A4681 /* Network */,
				5A5B807B19CE771A000A4681 /* Music Player */,
				5A5B809719CF8976000A4681 /* MusicPicker */,
				5A5B80AD19CF98DC000A4681 /* Custom Views */,
				5A743C1619CBD9540008C989 /* ViewController.h */,
				5A743C1719CBD9540008C989 /* ViewController.m */,
				5A96040C19D3E357002D2B29 /* NearbyTrainViewController.h */,
				5A96040D19D3E357002D2B29 /* NearbyTrainViewController.m */,
				5A96040E19D3E357002D2B29 /* NearbyTrainViewController.xib */,
				5A96041119D3E69F002D2B29 /* TrainCellView.xib */,
				5A743C1919CBD9540008C989 /* Main.storyboard */,
				5A743C1C19CBD9540008C989 /* Images.xcassets */,
				5A743C1E19CBD9540008C989 /* LaunchScreen.xib */,
				5A5B808F19CE77D8000A4681 /* External Libraries */,
				5A743C0F19CBD9540008C989 /* Supporting Files */,
			);
			path = Songtrain;
			sourceTree = "<group>";
		};
		5A743C0F19CBD9540008C989 /* Supporting Files */ = {
			isa = PBXGroup;
			children = (
				5A5B809619CE78F2000A4681 /* Songtrain-Prefix.pch */,
				5A743C1019CBD9540008C989 /* Info.plist */,
				5A743C1119CBD9540008C989 /* main.m */,
			);
			name = "Supporting Files";
			sourceTree = "<group>";
		};
		5A743C2819CBD9540008C989 /* SongtrainTests */ = {
			isa = PBXGroup;
			children = (
				5A743C2B19CBD9540008C989 /* SongtrainTests.m */,
				5A743C2919CBD9540008C989 /* Supporting Files */,
			);
			path = SongtrainTests;
			sourceTree = "<group>";
		};
		5A743C2919CBD9540008C989 /* Supporting Files */ = {
			isa = PBXGroup;
			children = (
				5A743C2A19CBD9540008C989 /* Info.plist */,
			);
			name = "Supporting Files";
			sourceTree = "<group>";
		};
/* End PBXGroup section */

/* Begin PBXNativeTarget section */
		5A743C0B19CBD9540008C989 /* Songtrain */ = {
			isa = PBXNativeTarget;
			buildConfigurationList = 5A743C2F19CBD9540008C989 /* Build configuration list for PBXNativeTarget "Songtrain" */;
			buildPhases = (
				5A743C0819CBD9540008C989 /* Sources */,
				5A743C0919CBD9540008C989 /* Frameworks */,
				5A743C0A19CBD9540008C989 /* Resources */,
			);
			buildRules = (
			);
			dependencies = (
			);
			name = Songtrain;
			productName = Songtrain;
			productReference = 5A743C0C19CBD9540008C989 /* Songtrain.app */;
			productType = "com.apple.product-type.application";
		};
		5A743C2419CBD9540008C989 /* SongtrainTests */ = {
			isa = PBXNativeTarget;
			buildConfigurationList = 5A743C3219CBD9540008C989 /* Build configuration list for PBXNativeTarget "SongtrainTests" */;
			buildPhases = (
				5A743C2119CBD9540008C989 /* Sources */,
				5A743C2219CBD9540008C989 /* Frameworks */,
				5A743C2319CBD9540008C989 /* Resources */,
			);
			buildRules = (
			);
			dependencies = (
				5A743C2719CBD9540008C989 /* PBXTargetDependency */,
			);
			name = SongtrainTests;
			productName = SongtrainTests;
			productReference = 5A743C2519CBD9540008C989 /* SongtrainTests.xctest */;
			productType = "com.apple.product-type.bundle.unit-test";
		};
/* End PBXNativeTarget section */

/* Begin PBXProject section */
		5A743C0419CBD9540008C989 /* Project object */ = {
			isa = PBXProject;
			attributes = {
				LastUpgradeCheck = 0600;
				ORGANIZATIONNAME = "Octave Labs LLC";
				TargetAttributes = {
					5A743C0B19CBD9540008C989 = {
						CreatedOnToolsVersion = 6.0.1;
						DevelopmentTeam = L89AYMBA9C;
					};
					5A743C2419CBD9540008C989 = {
						CreatedOnToolsVersion = 6.0.1;
						DevelopmentTeam = JX9WQKUYGV;
						TestTargetID = 5A743C0B19CBD9540008C989;
					};
				};
			};
			buildConfigurationList = 5A743C0719CBD9540008C989 /* Build configuration list for PBXProject "Songtrain" */;
			compatibilityVersion = "Xcode 3.2";
			developmentRegion = English;
			hasScannedForEncodings = 0;
			knownRegions = (
				en,
				Base,
			);
			mainGroup = 5A743C0319CBD9540008C989;
			productRefGroup = 5A743C0D19CBD9540008C989 /* Products */;
			projectDirPath = "";
			projectRoot = "";
			targets = (
				5A743C0B19CBD9540008C989 /* Songtrain */,
				5A743C2419CBD9540008C989 /* SongtrainTests */,
			);
		};
/* End PBXProject section */

/* Begin PBXResourcesBuildPhase section */
		5A743C0A19CBD9540008C989 /* Resources */ = {
			isa = PBXResourcesBuildPhase;
			buildActionMask = 2147483647;
			files = (
				5A5B80B219CF995C000A4681 /* SongTableViewCell.xib in Resources */,
				5A96041219D3E69F002D2B29 /* TrainCellView.xib in Resources */,
				5A6006A119D53F240062865A /* PeerTableViewCell.xib in Resources */,
				5A743C1B19CBD9540008C989 /* Main.storyboard in Resources */,
				5A743C2019CBD9540008C989 /* LaunchScreen.xib in Resources */,
				5A96041019D3E357002D2B29 /* NearbyTrainViewController.xib in Resources */,
				5A743C1D19CBD9540008C989 /* Images.xcassets in Resources */,
			);
			runOnlyForDeploymentPostprocessing = 0;
		};
		5A743C2319CBD9540008C989 /* Resources */ = {
			isa = PBXResourcesBuildPhase;
			buildActionMask = 2147483647;
			files = (
			);
			runOnlyForDeploymentPostprocessing = 0;
		};
/* End PBXResourcesBuildPhase section */

/* Begin PBXSourcesBuildPhase section */
		5A743C0819CBD9540008C989 /* Sources */ = {
			isa = PBXSourcesBuildPhase;
			buildActionMask = 2147483647;
			files = (
				5A5B809519CE77EF000A4681 /* TPCircularBuffer.c in Sources */,
				5A5B808619CE7751000A4681 /* LocalSong.m in Sources */,
				5A5B80B119CF995C000A4681 /* SongTableViewCell.m in Sources */,
				5A5B80A519CF89A7000A4681 /* MusicPickerViewController.m in Sources */,
				5A5B808519CE7751000A4681 /* Song.m in Sources */,
				5A5B80A819CF89A7000A4681 /* TabViewController.m in Sources */,
				5A5B80A919CF89A7000A4681 /* MusicNavigationViewController.m in Sources */,
				5A5B808719CE7751000A4681 /* RemoteSong.m in Sources */,
				5A5B808E19CE77A4000A4681 /* SingleMessage.m in Sources */,
				5A6006A019D53F240062865A /* PeerTableViewCell.m in Sources */,
				5A5B80A619CF89A7000A4681 /* PlaylistTabViewController.m in Sources */,
				5A96040F19D3E357002D2B29 /* NearbyTrainViewController.m in Sources */,
				5A743C1819CBD9540008C989 /* ViewController.m in Sources */,
				5A5B80A719CF89A7000A4681 /* SongTabViewController.m in Sources */,
				5A5B809419CE77EF000A4681 /* MarqueeLabel.m in Sources */,
				5A743C1519CBD9540008C989 /* AppDelegate.m in Sources */,
				5A5B808B19CE7780000A4681 /* QPSessionManager.m in Sources */,
				5A5B80A419CF89A7000A4681 /* ArtistTabViewController.m in Sources */,
				5A743C1219CBD9540008C989 /* main.m in Sources */,
				5A5B807E19CE772E000A4681 /* QPMusicPlayerController.m in Sources */,
			);
			runOnlyForDeploymentPostprocessing = 0;
		};
		5A743C2119CBD9540008C989 /* Sources */ = {
			isa = PBXSourcesBuildPhase;
			buildActionMask = 2147483647;
			files = (
				5A743C2C19CBD9540008C989 /* SongtrainTests.m in Sources */,
			);
			runOnlyForDeploymentPostprocessing = 0;
		};
/* End PBXSourcesBuildPhase section */

/* Begin PBXTargetDependency section */
		5A743C2719CBD9540008C989 /* PBXTargetDependency */ = {
			isa = PBXTargetDependency;
			target = 5A743C0B19CBD9540008C989 /* Songtrain */;
			targetProxy = 5A743C2619CBD9540008C989 /* PBXContainerItemProxy */;
		};
/* End PBXTargetDependency section */

/* Begin PBXVariantGroup section */
		5A743C1919CBD9540008C989 /* Main.storyboard */ = {
			isa = PBXVariantGroup;
			children = (
				5A743C1A19CBD9540008C989 /* Base */,
			);
			name = Main.storyboard;
			sourceTree = "<group>";
		};
		5A743C1E19CBD9540008C989 /* LaunchScreen.xib */ = {
			isa = PBXVariantGroup;
			children = (
				5A743C1F19CBD9540008C989 /* Base */,
			);
			name = LaunchScreen.xib;
			sourceTree = "<group>";
		};
/* End PBXVariantGroup section */

/* Begin XCBuildConfiguration section */
		5A743C2D19CBD9540008C989 /* Debug */ = {
			isa = XCBuildConfiguration;
			buildSettings = {
				ALWAYS_SEARCH_USER_PATHS = NO;
				CLANG_CXX_LANGUAGE_STANDARD = "gnu++0x";
				CLANG_CXX_LIBRARY = "libc++";
				CLANG_ENABLE_MODULES = YES;
				CLANG_ENABLE_OBJC_ARC = YES;
				CLANG_WARN_BOOL_CONVERSION = YES;
				CLANG_WARN_CONSTANT_CONVERSION = YES;
				CLANG_WARN_DIRECT_OBJC_ISA_USAGE = YES_ERROR;
				CLANG_WARN_EMPTY_BODY = YES;
				CLANG_WARN_ENUM_CONVERSION = YES;
				CLANG_WARN_INT_CONVERSION = YES;
				CLANG_WARN_OBJC_ROOT_CLASS = YES_ERROR;
				CLANG_WARN_UNREACHABLE_CODE = YES;
				CLANG_WARN__DUPLICATE_METHOD_MATCH = YES;
				"CODE_SIGN_IDENTITY[sdk=iphoneos*]" = "iPhone Developer";
				COPY_PHASE_STRIP = NO;
				ENABLE_STRICT_OBJC_MSGSEND = YES;
				GCC_C_LANGUAGE_STANDARD = gnu99;
				GCC_DYNAMIC_NO_PIC = NO;
				GCC_OPTIMIZATION_LEVEL = 0;
				GCC_PREPROCESSOR_DEFINITIONS = (
					"DEBUG=1",
					"$(inherited)",
				);
				GCC_SYMBOLS_PRIVATE_EXTERN = NO;
				GCC_WARN_64_TO_32_BIT_CONVERSION = YES;
				GCC_WARN_ABOUT_RETURN_TYPE = YES_ERROR;
				GCC_WARN_UNDECLARED_SELECTOR = YES;
				GCC_WARN_UNINITIALIZED_AUTOS = YES_AGGRESSIVE;
				GCC_WARN_UNUSED_FUNCTION = YES;
				GCC_WARN_UNUSED_VARIABLE = YES;
				IPHONEOS_DEPLOYMENT_TARGET = 8.0;
				MTL_ENABLE_DEBUG_INFO = YES;
				ONLY_ACTIVE_ARCH = YES;
				SDKROOT = iphoneos;
				TARGETED_DEVICE_FAMILY = "1,2";
			};
			name = Debug;
		};
		5A743C2E19CBD9540008C989 /* Release */ = {
			isa = XCBuildConfiguration;
			buildSettings = {
				ALWAYS_SEARCH_USER_PATHS = NO;
				CLANG_CXX_LANGUAGE_STANDARD = "gnu++0x";
				CLANG_CXX_LIBRARY = "libc++";
				CLANG_ENABLE_MODULES = YES;
				CLANG_ENABLE_OBJC_ARC = YES;
				CLANG_WARN_BOOL_CONVERSION = YES;
				CLANG_WARN_CONSTANT_CONVERSION = YES;
				CLANG_WARN_DIRECT_OBJC_ISA_USAGE = YES_ERROR;
				CLANG_WARN_EMPTY_BODY = YES;
				CLANG_WARN_ENUM_CONVERSION = YES;
				CLANG_WARN_INT_CONVERSION = YES;
				CLANG_WARN_OBJC_ROOT_CLASS = YES_ERROR;
				CLANG_WARN_UNREACHABLE_CODE = YES;
				CLANG_WARN__DUPLICATE_METHOD_MATCH = YES;
				"CODE_SIGN_IDENTITY[sdk=iphoneos*]" = "iPhone Developer";
				COPY_PHASE_STRIP = YES;
				ENABLE_NS_ASSERTIONS = NO;
				ENABLE_STRICT_OBJC_MSGSEND = YES;
				GCC_C_LANGUAGE_STANDARD = gnu99;
				GCC_WARN_64_TO_32_BIT_CONVERSION = YES;
				GCC_WARN_ABOUT_RETURN_TYPE = YES_ERROR;
				GCC_WARN_UNDECLARED_SELECTOR = YES;
				GCC_WARN_UNINITIALIZED_AUTOS = YES_AGGRESSIVE;
				GCC_WARN_UNUSED_FUNCTION = YES;
				GCC_WARN_UNUSED_VARIABLE = YES;
				IPHONEOS_DEPLOYMENT_TARGET = 8.0;
				MTL_ENABLE_DEBUG_INFO = NO;
				SDKROOT = iphoneos;
				TARGETED_DEVICE_FAMILY = "1,2";
				VALIDATE_PRODUCT = YES;
			};
			name = Release;
		};
		5A743C3019CBD9540008C989 /* Debug */ = {
			isa = XCBuildConfiguration;
			buildSettings = {
				ASSETCATALOG_COMPILER_APPICON_NAME = AppIcon;
				CODE_SIGN_IDENTITY = "iPhone Developer: Quinton Petty (E57UZQ63Y2)";
				GCC_PRECOMPILE_PREFIX_HEADER = YES;
				GCC_PREFIX_HEADER = "Songtrain/Songtrain-Prefix.pch";
				INFOPLIST_FILE = Songtrain/Info.plist;
				LD_RUNPATH_SEARCH_PATHS = "$(inherited) @executable_path/Frameworks";
				PRODUCT_NAME = "$(TARGET_NAME)";
				TARGETED_DEVICE_FAMILY = 1;
			};
			name = Debug;
		};
		5A743C3119CBD9540008C989 /* Release */ = {
			isa = XCBuildConfiguration;
			buildSettings = {
				ASSETCATALOG_COMPILER_APPICON_NAME = AppIcon;
				CODE_SIGN_IDENTITY = "iPhone Developer: Quinton Petty (E57UZQ63Y2)";
				GCC_PRECOMPILE_PREFIX_HEADER = YES;
				GCC_PREFIX_HEADER = "Songtrain/Songtrain-Prefix.pch";
				INFOPLIST_FILE = Songtrain/Info.plist;
				LD_RUNPATH_SEARCH_PATHS = "$(inherited) @executable_path/Frameworks";
				PRODUCT_NAME = "$(TARGET_NAME)";
				TARGETED_DEVICE_FAMILY = 1;
			};
			name = Release;
		};
		5A743C3319CBD9540008C989 /* Debug */ = {
			isa = XCBuildConfiguration;
			buildSettings = {
				BUNDLE_LOADER = "$(TEST_HOST)";
				FRAMEWORK_SEARCH_PATHS = (
					"$(SDKROOT)/Developer/Library/Frameworks",
					"$(inherited)",
				);
				GCC_PREPROCESSOR_DEFINITIONS = (
					"DEBUG=1",
					"$(inherited)",
				);
				INFOPLIST_FILE = SongtrainTests/Info.plist;
				LD_RUNPATH_SEARCH_PATHS = "$(inherited) @executable_path/Frameworks @loader_path/Frameworks";
				PRODUCT_NAME = "$(TARGET_NAME)";
				TEST_HOST = "$(BUILT_PRODUCTS_DIR)/Songtrain.app/Songtrain";
			};
			name = Debug;
		};
		5A743C3419CBD9540008C989 /* Release */ = {
			isa = XCBuildConfiguration;
			buildSettings = {
				BUNDLE_LOADER = "$(TEST_HOST)";
				FRAMEWORK_SEARCH_PATHS = (
					"$(SDKROOT)/Developer/Library/Frameworks",
					"$(inherited)",
				);
				INFOPLIST_FILE = SongtrainTests/Info.plist;
				LD_RUNPATH_SEARCH_PATHS = "$(inherited) @executable_path/Frameworks @loader_path/Frameworks";
				PRODUCT_NAME = "$(TARGET_NAME)";
				TEST_HOST = "$(BUILT_PRODUCTS_DIR)/Songtrain.app/Songtrain";
			};
			name = Release;
		};
/* End XCBuildConfiguration section */

/* Begin XCConfigurationList section */
		5A743C0719CBD9540008C989 /* Build configuration list for PBXProject "Songtrain" */ = {
			isa = XCConfigurationList;
			buildConfigurations = (
				5A743C2D19CBD9540008C989 /* Debug */,
				5A743C2E19CBD9540008C989 /* Release */,
			);
			defaultConfigurationIsVisible = 0;
			defaultConfigurationName = Release;
		};
		5A743C2F19CBD9540008C989 /* Build configuration list for PBXNativeTarget "Songtrain" */ = {
			isa = XCConfigurationList;
			buildConfigurations = (
				5A743C3019CBD9540008C989 /* Debug */,
				5A743C3119CBD9540008C989 /* Release */,
			);
			defaultConfigurationIsVisible = 0;
			defaultConfigurationName = Release;
		};
		5A743C3219CBD9540008C989 /* Build configuration list for PBXNativeTarget "SongtrainTests" */ = {
			isa = XCConfigurationList;
			buildConfigurations = (
				5A743C3319CBD9540008C989 /* Debug */,
				5A743C3419CBD9540008C989 /* Release */,
			);
			defaultConfigurationIsVisible = 0;
			defaultConfigurationName = Release;
		};
/* End XCConfigurationList section */
	};
	rootObject = 5A743C0419CBD9540008C989 /* Project object */;
}
